
Microsoft Visual Studio Solution File, Format Version 12.00
# Visual Studio Version 17
VisualStudioVersion = 17.0.31903.59
MinimumVisualStudioVersion = 10.0.40219.1
Project("{FAE04EC0-301F-11D3-BF4B-00C04F79EFBC}") = "API", "API\API.csproj", "{9E8A71AE-D6F9-465F-A4E9-B6B85F7CD79C}"
EndProject
Project("{FAE04EC0-301F-11D3-BF4B-00C04F79EFBC}") = "Application", "Application\Application.csproj", "{C74CFC11-44ED-4FF5-A597-4BB7B30FF562}"
EndProject
Project("{FAE04EC0-301F-11D3-BF4B-00C04F79EFBC}") = "Domain", "Domain\Domain.csproj", "{4BB439DA-9CE4-4CEA-9EB2-DEFFF3C1FD9D}"
EndProject
Project("{FAE04EC0-301F-11D3-BF4B-00C04F79EFBC}") = "Persistence", "Persistence\Persistence.csproj", "{5769985B-9AB4-45B4-8EEA-0C6DB9F7B428}"
EndProject
Global
	GlobalSection(SolutionConfigurationPlatforms) = preSolution
		Debug|Any CPU = Debug|Any CPU
		Release|Any CPU = Release|Any CPU
	EndGlobalSection
	GlobalSection(SolutionProperties) = preSolution
		HideSolutionNode = FALSE
	EndGlobalSection
	GlobalSection(ProjectConfigurationPlatforms) = postSolution
		{9E8A71AE-D6F9-465F-A4E9-B6B85F7CD79C}.Debug|Any CPU.ActiveCfg = Debug|Any CPU
		{9E8A71AE-D6F9-465F-A4E9-B6B85F7CD79C}.Debug|Any CPU.Build.0 = Debug|Any CPU
		{9E8A71AE-D6F9-465F-A4E9-B6B85F7CD79C}.Release|Any CPU.ActiveCfg = Release|Any CPU
		{9E8A71AE-D6F9-465F-A4E9-B6B85F7CD79C}.Release|Any CPU.Build.0 = Release|Any CPU
		{C74CFC11-44ED-4FF5-A597-4BB7B30FF562}.Debug|Any CPU.ActiveCfg = Debug|Any CPU
		{C74CFC11-44ED-4FF5-A597-4BB7B30FF562}.Debug|Any CPU.Build.0 = Debug|Any CPU
		{C74CFC11-44ED-4FF5-A597-4BB7B30FF562}.Release|Any CPU.ActiveCfg = Release|Any CPU
		{C74CFC11-44ED-4FF5-A597-4BB7B30FF562}.Release|Any CPU.Build.0 = Release|Any CPU
		{4BB439DA-9CE4-4CEA-9EB2-DEFFF3C1FD9D}.Debug|Any CPU.ActiveCfg = Debug|Any CPU
		{4BB439DA-9CE4-4CEA-9EB2-DEFFF3C1FD9D}.Debug|Any CPU.Build.0 = Debug|Any CPU
		{4BB439DA-9CE4-4CEA-9EB2-DEFFF3C1FD9D}.Release|Any CPU.ActiveCfg = Release|Any CPU
		{4BB439DA-9CE4-4CEA-9EB2-DEFFF3C1FD9D}.Release|Any CPU.Build.0 = Release|Any CPU
		{5769985B-9AB4-45B4-8EEA-0C6DB9F7B428}.Debug|Any CPU.ActiveCfg = Debug|Any CPU
		{5769985B-9AB4-45B4-8EEA-0C6DB9F7B428}.Debug|Any CPU.Build.0 = Debug|Any CPU
		{5769985B-9AB4-45B4-8EEA-0C6DB9F7B428}.Release|Any CPU.ActiveCfg = Release|Any CPU
		{5769985B-9AB4-45B4-8EEA-0C6DB9F7B428}.Release|Any CPU.Build.0 = Release|Any CPU
	EndGlobalSection
EndGlobal
